
Microsoft Visual Studio Solution File, Format Version 12.00
# Visual Studio 14
VisualStudioVersion = 14.0.25420.1
MinimumVisualStudioVersion = 10.0.40219.1
Project("{2150E333-8FDC-42A3-9474-1A3956D46DE8}") = "SolutionItems", "SolutionItems", "{BF532AE3-9E18-4534-BD02-F0DA395FB642}"
	ProjectSection(SolutionItems) = preProject
		SolutionInfo.cs = SolutionInfo.cs
	EndProjectSection
EndProject
Project("{FAE04EC0-301F-11D3-BF4B-00C04F79EFBC}") = "Converter", "Converter\Converter.csproj", "{1D389047-977D-4278-8357-AC0AC751B95E}"
EndProject
Project("{FAE04EC0-301F-11D3-BF4B-00C04F79EFBC}") = "DbAccess", "DbAccess\DbAccess.csproj", "{23AAF1EF-2EB6-43AD-8103-A687F04A7288}"
EndProject
Project("{2150E333-8FDC-42A3-9474-1A3956D46DE8}") = "DLL", "DLL", "{0AB35511-3AC5-4EE2-9820-E04FD0853445}"
	ProjectSection(SolutionItems) = preProject
		DLL\log4net.dll = DLL\log4net.dll
		DLL\System.Data.SQLite.dll = DLL\System.Data.SQLite.dll
	EndProjectSection
EndProject
Global
	GlobalSection(SolutionConfigurationPlatforms) = preSolution
		Debug|Any CPU = Debug|Any CPU
		Release|Any CPU = Release|Any CPU
	EndGlobalSection
	GlobalSection(ProjectConfigurationPlatforms) = postSolution
		{1D389047-977D-4278-8357-AC0AC751B95E}.Debug|Any CPU.ActiveCfg = Debug|Any CPU
		{1D389047-977D-4278-8357-AC0AC751B95E}.Debug|Any CPU.Build.0 = Debug|Any CPU
		{1D389047-977D-4278-8357-AC0AC751B95E}.Release|Any CPU.ActiveCfg = Release|Any CPU
		{1D389047-977D-4278-8357-AC0AC751B95E}.Release|Any CPU.Build.0 = Release|Any CPU
		{23AAF1EF-2EB6-43AD-8103-A687F04A7288}.Debug|Any CPU.ActiveCfg = Debug|Any CPU
		{23AAF1EF-2EB6-43AD-8103-A687F04A7288}.Debug|Any CPU.Build.0 = Debug|Any CPU
		{23AAF1EF-2EB6-43AD-8103-A687F04A7288}.Release|Any CPU.ActiveCfg = Release|Any CPU
		{23AAF1EF-2EB6-43AD-8103-A687F04A7288}.Release|Any CPU.Build.0 = Release|Any CPU
	EndGlobalSection
	GlobalSection(SolutionProperties) = preSolution
		HideSolutionNode = FALSE
	EndGlobalSection
	GlobalSection(TeamFoundationVersionControl) = preSolution
		SccNumberOfProjects = 3
		SccEnterpriseProvider = {4CA58AB2-18FA-4F8D-95D4-32DDF27D184C}
		SccTeamFoundationServer = http://192.168.1.2:8080/tfs/atnenic
		SccLocalPath0 = .
		SccProjectUniqueName1 = Converter\\Converter.csproj
		SccProjectName1 = Converter
		SccLocalPath1 = Converter
		SccProjectUniqueName2 = DbAccess\\DbAccess.csproj
		SccProjectName2 = DbAccess
		SccLocalPath2 = DbAccess
	EndGlobalSection
EndGlobal
